
Microsoft Visual Studio Solution File, Format Version 11.00
# Visual Studio 2010
Project("{FAE04EC0-301F-11D3-BF4B-00C04F79EFBC}") = "Fleck-Forms", "Fleck-Forms\Fleck-Forms.csproj", "{C841953C-0476-4DBE-BD45-559A3D33E233}"
EndProject
Project("{FAE04EC0-301F-11D3-BF4B-00C04F79EFBC}") = "NetRemotingClient", "NetRemotingClient\NetRemotingClient.csproj", "{DDC209A8-4D89-44BF-84AA-D1C63BF13A52}"
EndProject
Project("{FAE04EC0-301F-11D3-BF4B-00C04F79EFBC}") = "Fleck-RabbitMQ", "Fleck-RabbitMQ\Fleck-RabbitMQ.csproj", "{C5B98EF9-B0E5-405E-B16B-566A63AC65A8}"
EndProject
Project("{FAE04EC0-301F-11D3-BF4B-00C04F79EFBC}") = "RabbitMQ-Client", "RabbitMQ-Client\RabbitMQ-Client.csproj", "{17BF56C7-B987-4EF1-9D64-3BB342894B27}"
EndProject
Global
	GlobalSection(SolutionConfigurationPlatforms) = preSolution
		Debug|Any CPU = Debug|Any CPU
		Debug|Mixed Platforms = Debug|Mixed Platforms
		Debug|x86 = Debug|x86
		Release|Any CPU = Release|Any CPU
		Release|Mixed Platforms = Release|Mixed Platforms
		Release|x86 = Release|x86
	EndGlobalSection
	GlobalSection(ProjectConfigurationPlatforms) = postSolution
		{C841953C-0476-4DBE-BD45-559A3D33E233}.Debug|Any CPU.ActiveCfg = Debug|x86
		{C841953C-0476-4DBE-BD45-559A3D33E233}.Debug|Mixed Platforms.ActiveCfg = Debug|x86
		{C841953C-0476-4DBE-BD45-559A3D33E233}.Debug|Mixed Platforms.Build.0 = Debug|x86
		{C841953C-0476-4DBE-BD45-559A3D33E233}.Debug|x86.ActiveCfg = Debug|x86
		{C841953C-0476-4DBE-BD45-559A3D33E233}.Debug|x86.Build.0 = Debug|x86
		{C841953C-0476-4DBE-BD45-559A3D33E233}.Release|Any CPU.ActiveCfg = Release|x86
		{C841953C-0476-4DBE-BD45-559A3D33E233}.Release|Mixed Platforms.ActiveCfg = Release|x86
		{C841953C-0476-4DBE-BD45-559A3D33E233}.Release|Mixed Platforms.Build.0 = Release|x86
		{C841953C-0476-4DBE-BD45-559A3D33E233}.Release|x86.ActiveCfg = Release|x86
		{C841953C-0476-4DBE-BD45-559A3D33E233}.Release|x86.Build.0 = Release|x86
		{DDC209A8-4D89-44BF-84AA-D1C63BF13A52}.Debug|Any CPU.ActiveCfg = Debug|x86
		{DDC209A8-4D89-44BF-84AA-D1C63BF13A52}.Debug|Mixed Platforms.ActiveCfg = Debug|x86
		{DDC209A8-4D89-44BF-84AA-D1C63BF13A52}.Debug|Mixed Platforms.Build.0 = Debug|x86
		{DDC209A8-4D89-44BF-84AA-D1C63BF13A52}.Debug|x86.ActiveCfg = Debug|x86
		{DDC209A8-4D89-44BF-84AA-D1C63BF13A52}.Debug|x86.Build.0 = Debug|x86
		{DDC209A8-4D89-44BF-84AA-D1C63BF13A52}.Release|Any CPU.ActiveCfg = Release|x86
		{DDC209A8-4D89-44BF-84AA-D1C63BF13A52}.Release|Mixed Platforms.ActiveCfg = Release|x86
		{DDC209A8-4D89-44BF-84AA-D1C63BF13A52}.Release|Mixed Platforms.Build.0 = Release|x86
		{DDC209A8-4D89-44BF-84AA-D1C63BF13A52}.Release|x86.ActiveCfg = Release|x86
		{DDC209A8-4D89-44BF-84AA-D1C63BF13A52}.Release|x86.Build.0 = Release|x86
		{C5B98EF9-B0E5-405E-B16B-566A63AC65A8}.Debug|Any CPU.ActiveCfg = Debug|x86
		{C5B98EF9-B0E5-405E-B16B-566A63AC65A8}.Debug|Mixed Platforms.ActiveCfg = Debug|x86
		{C5B98EF9-B0E5-405E-B16B-566A63AC65A8}.Debug|Mixed Platforms.Build.0 = Debug|x86
		{C5B98EF9-B0E5-405E-B16B-566A63AC65A8}.Debug|x86.ActiveCfg = Debug|x86
		{C5B98EF9-B0E5-405E-B16B-566A63AC65A8}.Debug|x86.Build.0 = Debug|x86
		{C5B98EF9-B0E5-405E-B16B-566A63AC65A8}.Release|Any CPU.ActiveCfg = Release|x86
		{C5B98EF9-B0E5-405E-B16B-566A63AC65A8}.Release|Mixed Platforms.ActiveCfg = Release|x86
		{C5B98EF9-B0E5-405E-B16B-566A63AC65A8}.Release|Mixed Platforms.Build.0 = Release|x86
		{C5B98EF9-B0E5-405E-B16B-566A63AC65A8}.Release|x86.ActiveCfg = Release|x86
		{C5B98EF9-B0E5-405E-B16B-566A63AC65A8}.Release|x86.Build.0 = Release|x86
		{17BF56C7-B987-4EF1-9D64-3BB342894B27}.Debug|Any CPU.ActiveCfg = Debug|x86
		{17BF56C7-B987-4EF1-9D64-3BB342894B27}.Debug|Mixed Platforms.ActiveCfg = Debug|x86
		{17BF56C7-B987-4EF1-9D64-3BB342894B27}.Debug|Mixed Platforms.Build.0 = Debug|x86
		{17BF56C7-B987-4EF1-9D64-3BB342894B27}.Debug|x86.ActiveCfg = Debug|x86
		{17BF56C7-B987-4EF1-9D64-3BB342894B27}.Debug|x86.Build.0 = Debug|x86
		{17BF56C7-B987-4EF1-9D64-3BB342894B27}.Release|Any CPU.ActiveCfg = Release|x86
		{17BF56C7-B987-4EF1-9D64-3BB342894B27}.Release|Mixed Platforms.ActiveCfg = Release|x86
		{17BF56C7-B987-4EF1-9D64-3BB342894B27}.Release|Mixed Platforms.Build.0 = Release|x86
		{17BF56C7-B987-4EF1-9D64-3BB342894B27}.Release|x86.ActiveCfg = Release|x86
		{17BF56C7-B987-4EF1-9D64-3BB342894B27}.Release|x86.Build.0 = Release|x86
	EndGlobalSection
	GlobalSection(SolutionProperties) = preSolution
		HideSolutionNode = FALSE
	EndGlobalSection
EndGlobal
